
Microsoft Visual Studio Solution File, Format Version 12.00
# Visual Studio Version 17
VisualStudioVersion = 17.4.33403.182
MinimumVisualStudioVersion = 10.0.40219.1
Project("{2150E333-8FDC-42A3-9474-1A3956D46DE8}") = "Doc", "Doc", "{83931A00-FA9F-47B1-9A38-029D98EF33E4}"
EndProject
Project("{2150E333-8FDC-42A3-9474-1A3956D46DE8}") = "Src", "Src", "{ED7F916F-38A8-465D-8205-CD4B8F6060EC}"
EndProject
Project("{2150E333-8FDC-42A3-9474-1A3956D46DE8}") = "Test", "Test", "{5DE6994F-1C36-4EF7-BE0F-C37E8554D421}"
EndProject
Project("{2150E333-8FDC-42A3-9474-1A3956D46DE8}") = "Common", "Common", "{580F56D4-8923-49CF-A2BD-62DCA6F997F8}"
EndProject
Project("{2150E333-8FDC-42A3-9474-1A3956D46DE8}") = "Core", "Core", "{04F4E301-F3DA-4DFB-82AD-134ED1705E88}"
EndProject
Project("{2150E333-8FDC-42A3-9474-1A3956D46DE8}") = "Infrastructure", "Infrastructure", "{397C9973-0373-4AC3-93EE-C9DF7628CDAD}"
EndProject
Project("{2150E333-8FDC-42A3-9474-1A3956D46DE8}") = "Presentation", "Presentation", "{7BE75AE9-45A1-4035-A2F8-754570AB831A}"
EndProject
Project("{FAE04EC0-301F-11D3-BF4B-00C04F79EFBC}") = "ModirOnline.Common", "ModirOnline.Common\ModirOnline.Common.csproj", "{0CC7237A-9DC8-4E4E-9C00-3BEDA1B864B4}"
EndProject
Project("{FAE04EC0-301F-11D3-BF4B-00C04F79EFBC}") = "ModirOnline.Application", "ModirOnline.Application\ModirOnline.Application.csproj", "{3BDA1B33-DED8-4316-9C1B-A473AFDCA85F}"
EndProject
Project("{FAE04EC0-301F-11D3-BF4B-00C04F79EFBC}") = "ModirOnline.Domain", "ModirOnline.Domain\ModirOnline.Domain.csproj", "{6319D755-8277-4601-908C-230ED9EA5DBA}"
EndProject
Project("{FAE04EC0-301F-11D3-BF4B-00C04F79EFBC}") = "ModirOnline.Persistence", "ModirOnline.Persistence\ModirOnline.Persistence.csproj", "{930931D8-DD1D-44B5-90BE-62C7DB93BC52}"
EndProject
Project("{FAE04EC0-301F-11D3-BF4B-00C04F79EFBC}") = "ModirOnline.Infrastructure", "ModirOnline.Infrastructure\ModirOnline.Infrastructure.csproj", "{0F429372-8091-4BF1-AC88-159FE99A0914}"
EndProject
Project("{FAE04EC0-301F-11D3-BF4B-00C04F79EFBC}") = "EndPoint.Site", "EndPoint.Site\EndPoint.Site.csproj", "{7777CE37-90F0-408C-84DC-6229310C6A4D}"
EndProject
Global
	GlobalSection(SolutionConfigurationPlatforms) = preSolution
		Debug|Any CPU = Debug|Any CPU
		Release|Any CPU = Release|Any CPU
	EndGlobalSection
	GlobalSection(ProjectConfigurationPlatforms) = postSolution
		{0CC7237A-9DC8-4E4E-9C00-3BEDA1B864B4}.Debug|Any CPU.ActiveCfg = Debug|Any CPU
		{0CC7237A-9DC8-4E4E-9C00-3BEDA1B864B4}.Debug|Any CPU.Build.0 = Debug|Any CPU
		{0CC7237A-9DC8-4E4E-9C00-3BEDA1B864B4}.Release|Any CPU.ActiveCfg = Release|Any CPU
		{0CC7237A-9DC8-4E4E-9C00-3BEDA1B864B4}.Release|Any CPU.Build.0 = Release|Any CPU
		{3BDA1B33-DED8-4316-9C1B-A473AFDCA85F}.Debug|Any CPU.ActiveCfg = Debug|Any CPU
		{3BDA1B33-DED8-4316-9C1B-A473AFDCA85F}.Debug|Any CPU.Build.0 = Debug|Any CPU
		{3BDA1B33-DED8-4316-9C1B-A473AFDCA85F}.Release|Any CPU.ActiveCfg = Release|Any CPU
		{3BDA1B33-DED8-4316-9C1B-A473AFDCA85F}.Release|Any CPU.Build.0 = Release|Any CPU
		{6319D755-8277-4601-908C-230ED9EA5DBA}.Debug|Any CPU.ActiveCfg = Debug|Any CPU
		{6319D755-8277-4601-908C-230ED9EA5DBA}.Debug|Any CPU.Build.0 = Debug|Any CPU
		{6319D755-8277-4601-908C-230ED9EA5DBA}.Release|Any CPU.ActiveCfg = Release|Any CPU
		{6319D755-8277-4601-908C-230ED9EA5DBA}.Release|Any CPU.Build.0 = Release|Any CPU
		{930931D8-DD1D-44B5-90BE-62C7DB93BC52}.Debug|Any CPU.ActiveCfg = Debug|Any CPU
		{930931D8-DD1D-44B5-90BE-62C7DB93BC52}.Debug|Any CPU.Build.0 = Debug|Any CPU
		{930931D8-DD1D-44B5-90BE-62C7DB93BC52}.Release|Any CPU.ActiveCfg = Release|Any CPU
		{930931D8-DD1D-44B5-90BE-62C7DB93BC52}.Release|Any CPU.Build.0 = Release|Any CPU
		{0F429372-8091-4BF1-AC88-159FE99A0914}.Debug|Any CPU.ActiveCfg = Debug|Any CPU
		{0F429372-8091-4BF1-AC88-159FE99A0914}.Debug|Any CPU.Build.0 = Debug|Any CPU
		{0F429372-8091-4BF1-AC88-159FE99A0914}.Release|Any CPU.ActiveCfg = Release|Any CPU
		{0F429372-8091-4BF1-AC88-159FE99A0914}.Release|Any CPU.Build.0 = Release|Any CPU
		{7777CE37-90F0-408C-84DC-6229310C6A4D}.Debug|Any CPU.ActiveCfg = Debug|Any CPU
		{7777CE37-90F0-408C-84DC-6229310C6A4D}.Debug|Any CPU.Build.0 = Debug|Any CPU
		{7777CE37-90F0-408C-84DC-6229310C6A4D}.Release|Any CPU.ActiveCfg = Release|Any CPU
		{7777CE37-90F0-408C-84DC-6229310C6A4D}.Release|Any CPU.Build.0 = Release|Any CPU
	EndGlobalSection
	GlobalSection(SolutionProperties) = preSolution
		HideSolutionNode = FALSE
	EndGlobalSection
	GlobalSection(NestedProjects) = preSolution
		{580F56D4-8923-49CF-A2BD-62DCA6F997F8} = {ED7F916F-38A8-465D-8205-CD4B8F6060EC}
		{04F4E301-F3DA-4DFB-82AD-134ED1705E88} = {ED7F916F-38A8-465D-8205-CD4B8F6060EC}
		{397C9973-0373-4AC3-93EE-C9DF7628CDAD} = {ED7F916F-38A8-465D-8205-CD4B8F6060EC}
		{7BE75AE9-45A1-4035-A2F8-754570AB831A} = {ED7F916F-38A8-465D-8205-CD4B8F6060EC}
		{0CC7237A-9DC8-4E4E-9C00-3BEDA1B864B4} = {580F56D4-8923-49CF-A2BD-62DCA6F997F8}
		{3BDA1B33-DED8-4316-9C1B-A473AFDCA85F} = {04F4E301-F3DA-4DFB-82AD-134ED1705E88}
		{6319D755-8277-4601-908C-230ED9EA5DBA} = {04F4E301-F3DA-4DFB-82AD-134ED1705E88}
		{930931D8-DD1D-44B5-90BE-62C7DB93BC52} = {397C9973-0373-4AC3-93EE-C9DF7628CDAD}
		{0F429372-8091-4BF1-AC88-159FE99A0914} = {397C9973-0373-4AC3-93EE-C9DF7628CDAD}
		{7777CE37-90F0-408C-84DC-6229310C6A4D} = {7BE75AE9-45A1-4035-A2F8-754570AB831A}
	EndGlobalSection
	GlobalSection(ExtensibilityGlobals) = postSolution
		SolutionGuid = {472E9168-C627-4FCF-8AA0-7D1773CF06C7}
	EndGlobalSection
EndGlobal
